
Microsoft Visual Studio Solution File, Format Version 12.00
# Visual Studio Version 17
VisualStudioVersion = 17.0.31903.59
MinimumVisualStudioVersion = 10.0.40219.1
Project("{2150E333-8FDC-42A3-9474-1A3956D46DE8}") = "src", "src", "{827E0CD3-B72D-47B6-A68D-7590B98EB39B}"
EndProject
Project("{FAE04EC0-301F-11D3-BF4B-00C04F79EFBC}") = "OSim.Shared.Messages", "src\OSim.Shared.Messages\OSim.Shared.Messages.csproj", "{457CC309-6B49-45A8-91FC-1159D5DCE75B}"
EndProject
Project("{FAE04EC0-301F-11D3-BF4B-00C04F79EFBC}") = "SimulatorService", "src\SimulatorService\SimulatorService.csproj", "{A737BEAE-68D4-467B-9469-C459B31D97AE}"
EndProject
Project("{FAE04EC0-301F-11D3-BF4B-00C04F79EFBC}") = "EnvironmentService", "src\EnvironmentService\EnvironmentService.csproj", "{8068F5AB-FCB6-4BE7-9767-5E3C09FCF34A}"
EndProject
Project("{FAE04EC0-301F-11D3-BF4B-00C04F79EFBC}") = "LoggerService", "src\LoggerService\LoggerService.csproj", "{57873321-66E0-44B2-899C-4807B577E3F7}"
EndProject
Project("{FAE04EC0-301F-11D3-BF4B-00C04F79EFBC}") = "AutopilotService", "src\AutopilotService\AutopilotService.csproj", "{7765AC72-1974-4F4E-BDDB-3A125EA2A62A}"
EndProject
Project("{FAE04EC0-301F-11D3-BF4B-00C04F79EFBC}") = "AlarmService", "src\AlarmService\AlarmService.csproj", "{5E6F9E9B-7C2D-4E7C-A3E5-8F4C0B2A9C11}"
EndProject
Project("{2150E333-8FDC-42A3-9474-1A3956D46DE8}") = "Frontend", "Frontend", "{42299874-777B-F2D0-9D08-D24097ABCE7E}"
EndProject
Project("{FAE04EC0-301F-11D3-BF4B-00C04F79EFBC}") = "WpfClient", "src\Frontend\WpfClient\WpfClient.csproj", "{C1AB2E97-DE8E-4D52-8139-75C4697D591C}"
EndProject
Project("{FAE04EC0-301F-11D3-BF4B-00C04F79EFBC}") = "GatewayProxyService", "src\GatewayProxyService\GatewayProxyService.csproj", "{7835A443-FBE3-4AF0-A676-D3724B8F24E5}"
EndProject
Project("{2150E333-8FDC-42A3-9474-1A3956D46DE8}") = "Frontend", "Frontend", "{653E4742-5487-4C0C-B01D-E935DE0F718A}"
EndProject
Project("{2150E333-8FDC-42A3-9474-1A3956D46DE8}") = "tests", "tests", "{0AB3BF05-4346-4AA6-1389-037BE0695223}"
EndProject
Project("{FAE04EC0-301F-11D3-BF4B-00C04F79EFBC}") = "AlarmService.Tests", "tests\AlarmService.Tests\AlarmService.Tests.csproj", "{DAEABA4B-0CDE-4146-8B75-BFCFEA2EF9D2}"
EndProject
Global
	GlobalSection(SolutionConfigurationPlatforms) = preSolution
		Debug|Any CPU = Debug|Any CPU
		Debug|x64 = Debug|x64
		Debug|x86 = Debug|x86
		Release|Any CPU = Release|Any CPU
		Release|x64 = Release|x64
		Release|x86 = Release|x86
	EndGlobalSection
	GlobalSection(ProjectConfigurationPlatforms) = postSolution
		{457CC309-6B49-45A8-91FC-1159D5DCE75B}.Debug|Any CPU.ActiveCfg = Debug|Any CPU
		{457CC309-6B49-45A8-91FC-1159D5DCE75B}.Debug|Any CPU.Build.0 = Debug|Any CPU
		{457CC309-6B49-45A8-91FC-1159D5DCE75B}.Debug|x64.ActiveCfg = Debug|Any CPU
		{457CC309-6B49-45A8-91FC-1159D5DCE75B}.Debug|x64.Build.0 = Debug|Any CPU
		{457CC309-6B49-45A8-91FC-1159D5DCE75B}.Debug|x86.ActiveCfg = Debug|Any CPU
		{457CC309-6B49-45A8-91FC-1159D5DCE75B}.Debug|x86.Build.0 = Debug|Any CPU
		{457CC309-6B49-45A8-91FC-1159D5DCE75B}.Release|Any CPU.ActiveCfg = Release|Any CPU
		{457CC309-6B49-45A8-91FC-1159D5DCE75B}.Release|Any CPU.Build.0 = Release|Any CPU
		{457CC309-6B49-45A8-91FC-1159D5DCE75B}.Release|x64.ActiveCfg = Release|Any CPU
		{457CC309-6B49-45A8-91FC-1159D5DCE75B}.Release|x64.Build.0 = Release|Any CPU
		{457CC309-6B49-45A8-91FC-1159D5DCE75B}.Release|x86.ActiveCfg = Release|Any CPU
		{457CC309-6B49-45A8-91FC-1159D5DCE75B}.Release|x86.Build.0 = Release|Any CPU
		{A737BEAE-68D4-467B-9469-C459B31D97AE}.Debug|Any CPU.ActiveCfg = Debug|Any CPU
		{A737BEAE-68D4-467B-9469-C459B31D97AE}.Debug|Any CPU.Build.0 = Debug|Any CPU
		{A737BEAE-68D4-467B-9469-C459B31D97AE}.Debug|x64.ActiveCfg = Debug|Any CPU
		{A737BEAE-68D4-467B-9469-C459B31D97AE}.Debug|x64.Build.0 = Debug|Any CPU
		{A737BEAE-68D4-467B-9469-C459B31D97AE}.Debug|x86.ActiveCfg = Debug|Any CPU
		{A737BEAE-68D4-467B-9469-C459B31D97AE}.Debug|x86.Build.0 = Debug|Any CPU
		{A737BEAE-68D4-467B-9469-C459B31D97AE}.Release|Any CPU.ActiveCfg = Release|Any CPU
		{A737BEAE-68D4-467B-9469-C459B31D97AE}.Release|Any CPU.Build.0 = Release|Any CPU
		{A737BEAE-68D4-467B-9469-C459B31D97AE}.Release|x64.ActiveCfg = Release|Any CPU
		{A737BEAE-68D4-467B-9469-C459B31D97AE}.Release|x64.Build.0 = Release|Any CPU
		{A737BEAE-68D4-467B-9469-C459B31D97AE}.Release|x86.ActiveCfg = Release|Any CPU
		{A737BEAE-68D4-467B-9469-C459B31D97AE}.Release|x86.Build.0 = Release|Any CPU
		{8068F5AB-FCB6-4BE7-9767-5E3C09FCF34A}.Debug|Any CPU.ActiveCfg = Debug|Any CPU
		{8068F5AB-FCB6-4BE7-9767-5E3C09FCF34A}.Debug|Any CPU.Build.0 = Debug|Any CPU
		{8068F5AB-FCB6-4BE7-9767-5E3C09FCF34A}.Debug|x64.ActiveCfg = Debug|Any CPU
		{8068F5AB-FCB6-4BE7-9767-5E3C09FCF34A}.Debug|x64.Build.0 = Debug|Any CPU
		{8068F5AB-FCB6-4BE7-9767-5E3C09FCF34A}.Debug|x86.ActiveCfg = Debug|Any CPU
		{8068F5AB-FCB6-4BE7-9767-5E3C09FCF34A}.Debug|x86.Build.0 = Debug|Any CPU
		{8068F5AB-FCB6-4BE7-9767-5E3C09FCF34A}.Release|Any CPU.ActiveCfg = Release|Any CPU
		{8068F5AB-FCB6-4BE7-9767-5E3C09FCF34A}.Release|Any CPU.Build.0 = Release|Any CPU
		{8068F5AB-FCB6-4BE7-9767-5E3C09FCF34A}.Release|x64.ActiveCfg = Release|Any CPU
		{8068F5AB-FCB6-4BE7-9767-5E3C09FCF34A}.Release|x64.Build.0 = Release|Any CPU
		{8068F5AB-FCB6-4BE7-9767-5E3C09FCF34A}.Release|x86.ActiveCfg = Release|Any CPU
		{8068F5AB-FCB6-4BE7-9767-5E3C09FCF34A}.Release|x86.Build.0 = Release|Any CPU
		{57873321-66E0-44B2-899C-4807B577E3F7}.Debug|Any CPU.ActiveCfg = Debug|Any CPU
		{57873321-66E0-44B2-899C-4807B577E3F7}.Debug|Any CPU.Build.0 = Debug|Any CPU
		{57873321-66E0-44B2-899C-4807B577E3F7}.Debug|x64.ActiveCfg = Debug|Any CPU
		{57873321-66E0-44B2-899C-4807B577E3F7}.Debug|x64.Build.0 = Debug|Any CPU
		{57873321-66E0-44B2-899C-4807B577E3F7}.Debug|x86.ActiveCfg = Debug|Any CPU
		{57873321-66E0-44B2-899C-4807B577E3F7}.Debug|x86.Build.0 = Debug|Any CPU
		{57873321-66E0-44B2-899C-4807B577E3F7}.Release|Any CPU.ActiveCfg = Release|Any CPU
		{57873321-66E0-44B2-899C-4807B577E3F7}.Release|Any CPU.Build.0 = Release|Any CPU
		{57873321-66E0-44B2-899C-4807B577E3F7}.Release|x64.ActiveCfg = Release|Any CPU
		{57873321-66E0-44B2-899C-4807B577E3F7}.Release|x64.Build.0 = Release|Any CPU
		{57873321-66E0-44B2-899C-4807B577E3F7}.Release|x86.ActiveCfg = Release|Any CPU
		{57873321-66E0-44B2-899C-4807B577E3F7}.Release|x86.Build.0 = Release|Any CPU
		{7765AC72-1974-4F4E-BDDB-3A125EA2A62A}.Debug|Any CPU.ActiveCfg = Debug|Any CPU
		{7765AC72-1974-4F4E-BDDB-3A125EA2A62A}.Debug|Any CPU.Build.0 = Debug|Any CPU
		{7765AC72-1974-4F4E-BDDB-3A125EA2A62A}.Debug|x64.ActiveCfg = Debug|Any CPU
		{7765AC72-1974-4F4E-BDDB-3A125EA2A62A}.Debug|x64.Build.0 = Debug|Any CPU
		{7765AC72-1974-4F4E-BDDB-3A125EA2A62A}.Debug|x86.ActiveCfg = Debug|Any CPU
		{7765AC72-1974-4F4E-BDDB-3A125EA2A62A}.Debug|x86.Build.0 = Debug|Any CPU
		{7765AC72-1974-4F4E-BDDB-3A125EA2A62A}.Release|Any CPU.ActiveCfg = Release|Any CPU
		{7765AC72-1974-4F4E-BDDB-3A125EA2A62A}.Release|Any CPU.Build.0 = Release|Any CPU
		{7765AC72-1974-4F4E-BDDB-3A125EA2A62A}.Release|x64.ActiveCfg = Release|Any CPU
		{7765AC72-1974-4F4E-BDDB-3A125EA2A62A}.Release|x64.Build.0 = Release|Any CPU
		{7765AC72-1974-4F4E-BDDB-3A125EA2A62A}.Release|x86.ActiveCfg = Release|Any CPU
		{7765AC72-1974-4F4E-BDDB-3A125EA2A62A}.Release|x86.Build.0 = Release|Any CPU
		{5E6F9E9B-7C2D-4E7C-A3E5-8F4C0B2A9C11}.Debug|Any CPU.ActiveCfg = Debug|Any CPU
		{5E6F9E9B-7C2D-4E7C-A3E5-8F4C0B2A9C11}.Debug|Any CPU.Build.0 = Debug|Any CPU
		{5E6F9E9B-7C2D-4E7C-A3E5-8F4C0B2A9C11}.Debug|x64.ActiveCfg = Debug|Any CPU
		{5E6F9E9B-7C2D-4E7C-A3E5-8F4C0B2A9C11}.Debug|x64.Build.0 = Debug|Any CPU
		{5E6F9E9B-7C2D-4E7C-A3E5-8F4C0B2A9C11}.Debug|x86.ActiveCfg = Debug|Any CPU
		{5E6F9E9B-7C2D-4E7C-A3E5-8F4C0B2A9C11}.Debug|x86.Build.0 = Debug|Any CPU
		{5E6F9E9B-7C2D-4E7C-A3E5-8F4C0B2A9C11}.Release|Any CPU.ActiveCfg = Release|Any CPU
		{5E6F9E9B-7C2D-4E7C-A3E5-8F4C0B2A9C11}.Release|Any CPU.Build.0 = Release|Any CPU
		{5E6F9E9B-7C2D-4E7C-A3E5-8F4C0B2A9C11}.Release|x64.ActiveCfg = Release|Any CPU
		{5E6F9E9B-7C2D-4E7C-A3E5-8F4C0B2A9C11}.Release|x64.Build.0 = Release|Any CPU
		{5E6F9E9B-7C2D-4E7C-A3E5-8F4C0B2A9C11}.Release|x86.ActiveCfg = Release|Any CPU
		{5E6F9E9B-7C2D-4E7C-A3E5-8F4C0B2A9C11}.Release|x86.Build.0 = Release|Any CPU
		{C1AB2E97-DE8E-4D52-8139-75C4697D591C}.Debug|Any CPU.ActiveCfg = Debug|Any CPU
		{C1AB2E97-DE8E-4D52-8139-75C4697D591C}.Debug|Any CPU.Build.0 = Debug|Any CPU
		{C1AB2E97-DE8E-4D52-8139-75C4697D591C}.Debug|x64.ActiveCfg = Debug|Any CPU
		{C1AB2E97-DE8E-4D52-8139-75C4697D591C}.Debug|x64.Build.0 = Debug|Any CPU
		{C1AB2E97-DE8E-4D52-8139-75C4697D591C}.Debug|x86.ActiveCfg = Debug|Any CPU
		{C1AB2E97-DE8E-4D52-8139-75C4697D591C}.Debug|x86.Build.0 = Debug|Any CPU
		{C1AB2E97-DE8E-4D52-8139-75C4697D591C}.Release|Any CPU.ActiveCfg = Release|Any CPU
		{C1AB2E97-DE8E-4D52-8139-75C4697D591C}.Release|Any CPU.Build.0 = Release|Any CPU
		{C1AB2E97-DE8E-4D52-8139-75C4697D591C}.Release|x64.ActiveCfg = Release|Any CPU
		{C1AB2E97-DE8E-4D52-8139-75C4697D591C}.Release|x64.Build.0 = Release|Any CPU
		{C1AB2E97-DE8E-4D52-8139-75C4697D591C}.Release|x86.ActiveCfg = Release|Any CPU
		{C1AB2E97-DE8E-4D52-8139-75C4697D591C}.Release|x86.Build.0 = Release|Any CPU
		{7835A443-FBE3-4AF0-A676-D3724B8F24E5}.Debug|Any CPU.ActiveCfg = Debug|Any CPU
		{7835A443-FBE3-4AF0-A676-D3724B8F24E5}.Debug|Any CPU.Build.0 = Debug|Any CPU
		{7835A443-FBE3-4AF0-A676-D3724B8F24E5}.Debug|x64.ActiveCfg = Debug|Any CPU
		{7835A443-FBE3-4AF0-A676-D3724B8F24E5}.Debug|x64.Build.0 = Debug|Any CPU
		{7835A443-FBE3-4AF0-A676-D3724B8F24E5}.Debug|x86.ActiveCfg = Debug|Any CPU
		{7835A443-FBE3-4AF0-A676-D3724B8F24E5}.Debug|x86.Build.0 = Debug|Any CPU
		{7835A443-FBE3-4AF0-A676-D3724B8F24E5}.Release|Any CPU.ActiveCfg = Release|Any CPU
		{7835A443-FBE3-4AF0-A676-D3724B8F24E5}.Release|Any CPU.Build.0 = Release|Any CPU
		{7835A443-FBE3-4AF0-A676-D3724B8F24E5}.Release|x64.ActiveCfg = Release|Any CPU
		{7835A443-FBE3-4AF0-A676-D3724B8F24E5}.Release|x64.Build.0 = Release|Any CPU
		{7835A443-FBE3-4AF0-A676-D3724B8F24E5}.Release|x86.ActiveCfg = Release|Any CPU
		{7835A443-FBE3-4AF0-A676-D3724B8F24E5}.Release|x86.Build.0 = Release|Any CPU
		{DAEABA4B-0CDE-4146-8B75-BFCFEA2EF9D2}.Debug|Any CPU.ActiveCfg = Debug|Any CPU
		{DAEABA4B-0CDE-4146-8B75-BFCFEA2EF9D2}.Debug|Any CPU.Build.0 = Debug|Any CPU
		{DAEABA4B-0CDE-4146-8B75-BFCFEA2EF9D2}.Debug|x64.ActiveCfg = Debug|Any CPU
		{DAEABA4B-0CDE-4146-8B75-BFCFEA2EF9D2}.Debug|x64.Build.0 = Debug|Any CPU
		{DAEABA4B-0CDE-4146-8B75-BFCFEA2EF9D2}.Debug|x86.ActiveCfg = Debug|Any CPU
		{DAEABA4B-0CDE-4146-8B75-BFCFEA2EF9D2}.Debug|x86.Build.0 = Debug|Any CPU
		{DAEABA4B-0CDE-4146-8B75-BFCFEA2EF9D2}.Release|Any CPU.ActiveCfg = Release|Any CPU
		{DAEABA4B-0CDE-4146-8B75-BFCFEA2EF9D2}.Release|Any CPU.Build.0 = Release|Any CPU
		{DAEABA4B-0CDE-4146-8B75-BFCFEA2EF9D2}.Release|x64.ActiveCfg = Release|Any CPU
		{DAEABA4B-0CDE-4146-8B75-BFCFEA2EF9D2}.Release|x64.Build.0 = Release|Any CPU
		{DAEABA4B-0CDE-4146-8B75-BFCFEA2EF9D2}.Release|x86.ActiveCfg = Release|Any CPU
		{DAEABA4B-0CDE-4146-8B75-BFCFEA2EF9D2}.Release|x86.Build.0 = Release|Any CPU
	EndGlobalSection
	GlobalSection(SolutionProperties) = preSolution
		HideSolutionNode = FALSE
	EndGlobalSection
	GlobalSection(NestedProjects) = preSolution
		{457CC309-6B49-45A8-91FC-1159D5DCE75B} = {827E0CD3-B72D-47B6-A68D-7590B98EB39B}
		{A737BEAE-68D4-467B-9469-C459B31D97AE} = {827E0CD3-B72D-47B6-A68D-7590B98EB39B}
		{8068F5AB-FCB6-4BE7-9767-5E3C09FCF34A} = {827E0CD3-B72D-47B6-A68D-7590B98EB39B}
		{57873321-66E0-44B2-899C-4807B577E3F7} = {827E0CD3-B72D-47B6-A68D-7590B98EB39B}
		{7765AC72-1974-4F4E-BDDB-3A125EA2A62A} = {827E0CD3-B72D-47B6-A68D-7590B98EB39B}
		{5E6F9E9B-7C2D-4E7C-A3E5-8F4C0B2A9C11} = {827E0CD3-B72D-47B6-A68D-7590B98EB39B}
		{42299874-777B-F2D0-9D08-D24097ABCE7E} = {827E0CD3-B72D-47B6-A68D-7590B98EB39B}
		{DAEABA4B-0CDE-4146-8B75-BFCFEA2EF9D2} = {0AB3BF05-4346-4AA6-1389-037BE0695223}
	EndGlobalSection
EndGlobal
